
Microsoft Visual Studio Solution File, Format Version 12.00
# Visual Studio Version 17
VisualStudioVersion = 17.0.31903.59
MinimumVisualStudioVersion = 10.0.40219.1
Project("{2150E333-8FDC-42A3-9474-1A3956D46DE8}") = "src", "src", "{02EA681E-C7D8-13C7-8484-4AC65E1B71E8}"
EndProject
Project("{2150E333-8FDC-42A3-9474-1A3956D46DE8}") = ".solution", ".solution", "{2AC9F258-E6C7-4E79-80A2-DF4DC299747C}"
	ProjectSection(SolutionItems) = preProject
		.editorconfig = .editorconfig
		.gitattributes = .gitattributes
		.gitignore = .gitignore
		.runsettings = .runsettings
		Directory.Build.props = Directory.Build.props
		Directory.Packages.props = Directory.Packages.props
		LICENSE = LICENSE
		README.md = README.md
	EndProjectSection
EndProject
Project("{2150E333-8FDC-42A3-9474-1A3956D46DE8}") = "build", "build", "{C1BA8FFB-04D8-4497-8FF4-126E24D2D1EE}"
	ProjectSection(SolutionItems) = preProject
		build\build.cake = build\build.cake
		build\tools.sh = build\tools.sh
	EndProjectSection
EndProject
Project("{2150E333-8FDC-42A3-9474-1A3956D46DE8}") = ".github", ".github", "{F135D7D2-4577-4E3D-B2AC-9C378C251E7D}"
EndProject
Project("{2150E333-8FDC-42A3-9474-1A3956D46DE8}") = "workflows", "workflows", "{DD6639FE-DE7E-4C58-B865-3F3E91072602}"
	ProjectSection(SolutionItems) = preProject
		.github\workflows\develop.yml = .github\workflows\develop.yml
	EndProjectSection
EndProject
Project("{2150E333-8FDC-42A3-9474-1A3956D46DE8}") = "tests", "tests", "{92D94781-4395-4BFB-B25F-353BACE1487D}"
EndProject
Project("{2150E333-8FDC-42A3-9474-1A3956D46DE8}") = "scripts", "scripts", "{F10931D6-423A-480E-9C16-B01E3E14F85D}"
	ProjectSection(SolutionItems) = preProject
		scripts\efcore.ps1 = scripts\efcore.ps1
	EndProjectSection
EndProject
Project("{FAE04EC0-301F-11D3-BF4B-00C04F79EFBC}") = "Nameless.WPF.Testing.Tools", "src\Nameless.WPF.Testing.Tools\Nameless.WPF.Testing.Tools.csproj", "{380EFDA4-B67C-4EA8-98B2-71EA68D9D678}"
EndProject
Project("{FAE04EC0-301F-11D3-BF4B-00C04F79EFBC}") = "Nameless.WPF", "src\Nameless.WPF\Nameless.WPF.csproj", "{1F4625FE-13BB-4FE7-89FD-1D73750BB93B}"
EndProject
Project("{2150E333-8FDC-42A3-9474-1A3956D46DE8}") = "samples", "samples", "{68623D31-C0AA-4657-907A-784D5A51D495}"
EndProject
Project("{FAE04EC0-301F-11D3-BF4B-00C04F79EFBC}") = "Nameless.WPF.Client", "samples\Nameless.WPF.Client\Nameless.WPF.Client.csproj", "{C663A811-F3C7-7E21-BE0F-69A55AEC8924}"
EndProject
Project("{FAE04EC0-301F-11D3-BF4B-00C04F79EFBC}") = "Nameless.WPF.Client.Sqlite", "samples\Nameless.WPF.Client.Sqlite\Nameless.WPF.Client.Sqlite.csproj", "{3FC1F0CA-D83D-30A1-9C22-E152BC1588D6}"
EndProject
Project("{FAE04EC0-301F-11D3-BF4B-00C04F79EFBC}") = "Nameless.WPF.Tests", "tests\Nameless.WPF.Tests\Nameless.WPF.Tests.csproj", "{39797F97-CD86-4CB9-B447-3A0176327CB2}"
EndProject
Global
	GlobalSection(SolutionConfigurationPlatforms) = preSolution
		Debug|Any CPU = Debug|Any CPU
		Release|Any CPU = Release|Any CPU
	EndGlobalSection
	GlobalSection(ProjectConfigurationPlatforms) = postSolution
		{380EFDA4-B67C-4EA8-98B2-71EA68D9D678}.Debug|Any CPU.ActiveCfg = Debug|Any CPU
		{380EFDA4-B67C-4EA8-98B2-71EA68D9D678}.Debug|Any CPU.Build.0 = Debug|Any CPU
		{380EFDA4-B67C-4EA8-98B2-71EA68D9D678}.Release|Any CPU.ActiveCfg = Release|Any CPU
		{380EFDA4-B67C-4EA8-98B2-71EA68D9D678}.Release|Any CPU.Build.0 = Release|Any CPU
		{1F4625FE-13BB-4FE7-89FD-1D73750BB93B}.Debug|Any CPU.ActiveCfg = Debug|Any CPU
		{1F4625FE-13BB-4FE7-89FD-1D73750BB93B}.Debug|Any CPU.Build.0 = Debug|Any CPU
		{1F4625FE-13BB-4FE7-89FD-1D73750BB93B}.Release|Any CPU.ActiveCfg = Release|Any CPU
		{1F4625FE-13BB-4FE7-89FD-1D73750BB93B}.Release|Any CPU.Build.0 = Release|Any CPU
		{C663A811-F3C7-7E21-BE0F-69A55AEC8924}.Debug|Any CPU.ActiveCfg = Debug|Any CPU
		{C663A811-F3C7-7E21-BE0F-69A55AEC8924}.Debug|Any CPU.Build.0 = Debug|Any CPU
		{C663A811-F3C7-7E21-BE0F-69A55AEC8924}.Release|Any CPU.ActiveCfg = Release|Any CPU
		{C663A811-F3C7-7E21-BE0F-69A55AEC8924}.Release|Any CPU.Build.0 = Release|Any CPU
		{3FC1F0CA-D83D-30A1-9C22-E152BC1588D6}.Debug|Any CPU.ActiveCfg = Debug|Any CPU
		{3FC1F0CA-D83D-30A1-9C22-E152BC1588D6}.Debug|Any CPU.Build.0 = Debug|Any CPU
		{3FC1F0CA-D83D-30A1-9C22-E152BC1588D6}.Release|Any CPU.ActiveCfg = Release|Any CPU
		{3FC1F0CA-D83D-30A1-9C22-E152BC1588D6}.Release|Any CPU.Build.0 = Release|Any CPU
		{39797F97-CD86-4CB9-B447-3A0176327CB2}.Debug|Any CPU.ActiveCfg = Debug|Any CPU
		{39797F97-CD86-4CB9-B447-3A0176327CB2}.Debug|Any CPU.Build.0 = Debug|Any CPU
		{39797F97-CD86-4CB9-B447-3A0176327CB2}.Release|Any CPU.ActiveCfg = Release|Any CPU
		{39797F97-CD86-4CB9-B447-3A0176327CB2}.Release|Any CPU.Build.0 = Release|Any CPU
	EndGlobalSection
	GlobalSection(SolutionProperties) = preSolution
		HideSolutionNode = FALSE
	EndGlobalSection
	GlobalSection(NestedProjects) = preSolution
		{C1BA8FFB-04D8-4497-8FF4-126E24D2D1EE} = {2AC9F258-E6C7-4E79-80A2-DF4DC299747C}
		{F135D7D2-4577-4E3D-B2AC-9C378C251E7D} = {2AC9F258-E6C7-4E79-80A2-DF4DC299747C}
		{DD6639FE-DE7E-4C58-B865-3F3E91072602} = {F135D7D2-4577-4E3D-B2AC-9C378C251E7D}
		{F10931D6-423A-480E-9C16-B01E3E14F85D} = {2AC9F258-E6C7-4E79-80A2-DF4DC299747C}
		{380EFDA4-B67C-4EA8-98B2-71EA68D9D678} = {02EA681E-C7D8-13C7-8484-4AC65E1B71E8}
		{1F4625FE-13BB-4FE7-89FD-1D73750BB93B} = {02EA681E-C7D8-13C7-8484-4AC65E1B71E8}
		{C663A811-F3C7-7E21-BE0F-69A55AEC8924} = {68623D31-C0AA-4657-907A-784D5A51D495}
		{3FC1F0CA-D83D-30A1-9C22-E152BC1588D6} = {68623D31-C0AA-4657-907A-784D5A51D495}
		{39797F97-CD86-4CB9-B447-3A0176327CB2} = {92D94781-4395-4BFB-B25F-353BACE1487D}
	EndGlobalSection
	GlobalSection(ExtensibilityGlobals) = postSolution
		SolutionGuid = {433D110F-07A8-4681-9532-DEDCCA4D35FE}
	EndGlobalSection
EndGlobal
